// !$*UTF8*$!
{
	archiveVersion = 1;
	classes = {
	};
	objectVersion = 46;
	objects = {

/* Begin PBXBuildFile section */
		F4E077931BBB0D50006A2929 /* AppDelegate.swift in Sources */ = {isa = PBXBuildFile; fileRef = F4E077921BBB0D50006A2929 /* AppDelegate.swift */; };
		F4E077951BBB0D50006A2929 /* ViewController.swift in Sources */ = {isa = PBXBuildFile; fileRef = F4E077941BBB0D50006A2929 /* ViewController.swift */; };
		F4E077981BBB0D50006A2929 /* Main.storyboard in Resources */ = {isa = PBXBuildFile; fileRef = F4E077961BBB0D50006A2929 /* Main.storyboard */; };
		F4E0779A1BBB0D50006A2929 /* Assets.xcassets in Resources */ = {isa = PBXBuildFile; fileRef = F4E077991BBB0D50006A2929 /* Assets.xcassets */; };
		F4E0779D1BBB0D50006A2929 /* LaunchScreen.storyboard in Resources */ = {isa = PBXBuildFile; fileRef = F4E0779B1BBB0D50006A2929 /* LaunchScreen.storyboard */; };
		F4E077A81BBB0D50006A2929 /* HomeMonitorTests.swift in Sources */ = {isa = PBXBuildFile; fileRef = F4E077A71BBB0D50006A2929 /* HomeMonitorTests.swift */; };
		F4E077B31BBB0D50006A2929 /* HomeMonitorUITests.swift in Sources */ = {isa = PBXBuildFile; fileRef = F4E077B21BBB0D50006A2929 /* HomeMonitorUITests.swift */; };
/* End PBXBuildFile section */

/* Begin PBXContainerItemProxy section */
		F4E077A41BBB0D50006A2929 /* PBXContainerItemProxy */ = {
			isa = PBXContainerItemProxy;
			containerPortal = F4E077871BBB0D50006A2929 /* Project object */;
			proxyType = 1;
			remoteGlobalIDString = F4E0778E1BBB0D50006A2929;
			remoteInfo = HomeMonitor;
		};
		F4E077AF1BBB0D50006A2929 /* PBXContainerItemProxy */ = {
			isa = PBXContainerItemProxy;
			containerPortal = F4E077871BBB0D50006A2929 /* Project object */;
			proxyType = 1;
			remoteGlobalIDString = F4E0778E1BBB0D50006A2929;
			remoteInfo = HomeMonitor;
		};
/* End PBXContainerItemProxy section */

/* Begin PBXFileReference section */
		F4E0778F1BBB0D50006A2929 /* HomeMonitor.app */ = {isa = PBXFileReference; explicitFileType = wrapper.application; includeInIndex = 0; path = HomeMonitor.app; sourceTree = BUILT_PRODUCTS_DIR; };
		F4E077921BBB0D50006A2929 /* AppDelegate.swift */ = {isa = PBXFileReference; lastKnownFileType = sourcecode.swift; path = AppDelegate.swift; sourceTree = "<group>"; };
		F4E077941BBB0D50006A2929 /* ViewController.swift */ = {isa = PBXFileReference; lastKnownFileType = sourcecode.swift; path = ViewController.swift; sourceTree = "<group>"; };
		F4E077971BBB0D50006A2929 /* Base */ = {isa = PBXFileReference; lastKnownFileType = file.storyboard; name = Base; path = Base.lproj/Main.storyboard; sourceTree = "<group>"; };
		F4E077991BBB0D50006A2929 /* Assets.xcassets */ = {isa = PBXFileReference; lastKnownFileType = folder.assetcatalog; path = Assets.xcassets; sourceTree = "<group>"; };
		F4E0779C1BBB0D50006A2929 /* Base */ = {isa = PBXFileReference; lastKnownFileType = file.storyboard; name = Base; path = Base.lproj/LaunchScreen.storyboard; sourceTree = "<group>"; };
		F4E0779E1BBB0D50006A2929 /* Info.plist */ = {isa = PBXFileReference; lastKnownFileType = text.plist.xml; path = Info.plist; sourceTree = "<group>"; };
		F4E077A31BBB0D50006A2929 /* HomeMonitorTests.xctest */ = {isa = PBXFileReference; explicitFileType = wrapper.cfbundle; includeInIndex = 0; path = HomeMonitorTests.xctest; sourceTree = BUILT_PRODUCTS_DIR; };
		F4E077A71BBB0D50006A2929 /* HomeMonitorTests.swift */ = {isa = PBXFileReference; lastKnownFileType = sourcecode.swift; path = HomeMonitorTests.swift; sourceTree = "<group>"; };
		F4E077A91BBB0D50006A2929 /* Info.plist */ = {isa = PBXFileReference; lastKnownFileType = text.plist.xml; path = Info.plist; sourceTree = "<group>"; };
		F4E077AE1BBB0D50006A2929 /* HomeMonitorUITests.xctest */ = {isa = PBXFileReference; explicitFileType = wrapper.cfbundle; includeInIndex = 0; path = HomeMonitorUITests.xctest; sourceTree = BUILT_PRODUCTS_DIR; };
		F4E077B21BBB0D50006A2929 /* HomeMonitorUITests.swift */ = {isa = PBXFileReference; lastKnownFileType = sourcecode.swift; path = HomeMonitorUITests.swift; sourceTree = "<group>"; };
		F4E077B41BBB0D50006A2929 /* Info.plist */ = {isa = PBXFileReference; lastKnownFileType = text.plist.xml; path = Info.plist; sourceTree = "<group>"; };
/* End PBXFileReference section */

/* Begin PBXFrameworksBuildPhase section */
		F4E0778C1BBB0D50006A2929 /* Frameworks */ = {
			isa = PBXFrameworksBuildPhase;
			buildActionMask = 2147483647;
			files = (
			);
			runOnlyForDeploymentPostprocessing = 0;
		};
		F4E077A01BBB0D50006A2929 /* Frameworks */ = {
			isa = PBXFrameworksBuildPhase;
			buildActionMask = 2147483647;
			files = (
			);
			runOnlyForDeploymentPostprocessing = 0;
		};
		F4E077AB1BBB0D50006A2929 /* Frameworks */ = {
			isa = PBXFrameworksBuildPhase;
			buildActionMask = 2147483647;
			files = (
			);
			runOnlyForDeploymentPostprocessing = 0;
		};
/* End PBXFrameworksBuildPhase section */

/* Begin PBXGroup section */
		F4E077861BBB0D50006A2929 = {
			isa = PBXGroup;
			children = (
				F4E077911BBB0D50006A2929 /* HomeMonitor */,
				F4E077A61BBB0D50006A2929 /* HomeMonitorTests */,
				F4E077B11BBB0D50006A2929 /* HomeMonitorUITests */,
				F4E077901BBB0D50006A2929 /* Products */,
			);
			sourceTree = "<group>";
		};
		F4E077901BBB0D50006A2929 /* Products */ = {
			isa = PBXGroup;
			children = (
				F4E0778F1BBB0D50006A2929 /* HomeMonitor.app */,
				F4E077A31BBB0D50006A2929 /* HomeMonitorTests.xctest */,
				F4E077AE1BBB0D50006A2929 /* HomeMonitorUITests.xctest */,
			);
			name = Products;
			sourceTree = "<group>";
		};
		F4E077911BBB0D50006A2929 /* HomeMonitor */ = {
			isa = PBXGroup;
			children = (
				F4E077921BBB0D50006A2929 /* AppDelegate.swift */,
				F4E077941BBB0D50006A2929 /* ViewController.swift */,
				F4E077961BBB0D50006A2929 /* Main.storyboard */,
				F4E077991BBB0D50006A2929 /* Assets.xcassets */,
				F4E0779B1BBB0D50006A2929 /* LaunchScreen.storyboard */,
				F4E0779E1BBB0D50006A2929 /* Info.plist */,
			);
			path = HomeMonitor;
			sourceTree = "<group>";
		};
		F4E077A61BBB0D50006A2929 /* HomeMonitorTests */ = {
			isa = PBXGroup;
			children = (
				F4E077A71BBB0D50006A2929 /* HomeMonitorTests.swift */,
				F4E077A91BBB0D50006A2929 /* Info.plist */,
			);
			path = HomeMonitorTests;
			sourceTree = "<group>";
		};
		F4E077B11BBB0D50006A2929 /* HomeMonitorUITests */ = {
			isa = PBXGroup;
			children = (
				F4E077B21BBB0D50006A2929 /* HomeMonitorUITests.swift */,
				F4E077B41BBB0D50006A2929 /* Info.plist */,
			);
			path = HomeMonitorUITests;
			sourceTree = "<group>";
		};
/* End PBXGroup section */

/* Begin PBXNativeTarget section */
		F4E0778E1BBB0D50006A2929 /* HomeMonitor */ = {
			isa = PBXNativeTarget;
			buildConfigurationList = F4E077B71BBB0D50006A2929 /* Build configuration list for PBXNativeTarget "HomeMonitor" */;
			buildPhases = (
				F4E0778B1BBB0D50006A2929 /* Sources */,
				F4E0778C1BBB0D50006A2929 /* Frameworks */,
				F4E0778D1BBB0D50006A2929 /* Resources */,
			);
			buildRules = (
			);
			dependencies = (
			);
			name = HomeMonitor;
			productName = HomeMonitor;
			productReference = F4E0778F1BBB0D50006A2929 /* HomeMonitor.app */;
			productType = "com.apple.product-type.application";
		};
		F4E077A21BBB0D50006A2929 /* HomeMonitorTests */ = {
			isa = PBXNativeTarget;
			buildConfigurationList = F4E077BA1BBB0D50006A2929 /* Build configuration list for PBXNativeTarget "HomeMonitorTests" */;
			buildPhases = (
				F4E0779F1BBB0D50006A2929 /* Sources */,
				F4E077A01BBB0D50006A2929 /* Frameworks */,
				F4E077A11BBB0D50006A2929 /* Resources */,
			);
			buildRules = (
			);
			dependencies = (
				F4E077A51BBB0D50006A2929 /* PBXTargetDependency */,
			);
			name = HomeMonitorTests;
			productName = HomeMonitorTests;
			productReference = F4E077A31BBB0D50006A2929 /* HomeMonitorTests.xctest */;
			productType = "com.apple.product-type.bundle.unit-test";
		};
		F4E077AD1BBB0D50006A2929 /* HomeMonitorUITests */ = {
			isa = PBXNativeTarget;
			buildConfigurationList = F4E077BD1BBB0D50006A2929 /* Build configuration list for PBXNativeTarget "HomeMonitorUITests" */;
			buildPhases = (
				F4E077AA1BBB0D50006A2929 /* Sources */,
				F4E077AB1BBB0D50006A2929 /* Frameworks */,
				F4E077AC1BBB0D50006A2929 /* Resources */,
			);
			buildRules = (
			);
			dependencies = (
				F4E077B01BBB0D50006A2929 /* PBXTargetDependency */,
			);
			name = HomeMonitorUITests;
			productName = HomeMonitorUITests;
			productReference = F4E077AE1BBB0D50006A2929 /* HomeMonitorUITests.xctest */;
			productType = "com.apple.product-type.bundle.ui-testing";
		};
/* End PBXNativeTarget section */

/* Begin PBXProject section */
		F4E077871BBB0D50006A2929 /* Project object */ = {
			isa = PBXProject;
			attributes = {
				LastUpgradeCheck = 0700;
				ORGANIZATIONNAME = "Mark Lee Malmose";
				TargetAttributes = {
					F4E0778E1BBB0D50006A2929 = {
						CreatedOnToolsVersion = 7.0;
					};
					F4E077A21BBB0D50006A2929 = {
						CreatedOnToolsVersion = 7.0;
						TestTargetID = F4E0778E1BBB0D50006A2929;
					};
					F4E077AD1BBB0D50006A2929 = {
						CreatedOnToolsVersion = 7.0;
						TestTargetID = F4E0778E1BBB0D50006A2929;
					};
				};
			};
			buildConfigurationList = F4E0778A1BBB0D50006A2929 /* Build configuration list for PBXProject "HomeMonitor" */;
			compatibilityVersion = "Xcode 3.2";
			developmentRegion = English;
			hasScannedForEncodings = 0;
			knownRegions = (
				en,
				Base,
			);
			mainGroup = F4E077861BBB0D50006A2929;
			productRefGroup = F4E077901BBB0D50006A2929 /* Products */;
			projectDirPath = "";
			projectRoot = "";
			targets = (
				F4E0778E1BBB0D50006A2929 /* HomeMonitor */,
				F4E077A21BBB0D50006A2929 /* HomeMonitorTests */,
				F4E077AD1BBB0D50006A2929 /* HomeMonitorUITests */,
			);
		};
/* End PBXProject section */

/* Begin PBXResourcesBuildPhase section */
		F4E0778D1BBB0D50006A2929 /* Resources */ = {
			isa = PBXResourcesBuildPhase;
			buildActionMask = 2147483647;
			files = (
				F4E0779D1BBB0D50006A2929 /* LaunchScreen.storyboard in Resources */,
				F4E0779A1BBB0D50006A2929 /* Assets.xcassets in Resources */,
				F4E077981BBB0D50006A2929 /* Main.storyboard in Resources */,
			);
			runOnlyForDeploymentPostprocessing = 0;
		};
		F4E077A11BBB0D50006A2929 /* Resources */ = {
			isa = PBXResourcesBuildPhase;
			buildActionMask = 2147483647;
			files = (
			);
			runOnlyForDeploymentPostprocessing = 0;
		};
		F4E077AC1BBB0D50006A2929 /* Resources */ = {
			isa = PBXResourcesBuildPhase;
			buildActionMask = 2147483647;
			files = (
			);
			runOnlyForDeploymentPostprocessing = 0;
		};
/* End PBXResourcesBuildPhase section */

/* Begin PBXSourcesBuildPhase section */
		F4E0778B1BBB0D50006A2929 /* Sources */ = {
			isa = PBXSourcesBuildPhase;
			buildActionMask = 2147483647;
			files = (
				F4E077951BBB0D50006A2929 /* ViewController.swift in Sources */,
				F4E077931BBB0D50006A2929 /* AppDelegate.swift in Sources */,
			);
			runOnlyForDeploymentPostprocessing = 0;
		};
		F4E0779F1BBB0D50006A2929 /* Sources */ = {
			isa = PBXSourcesBuildPhase;
			buildActionMask = 2147483647;
			files = (
				F4E077A81BBB0D50006A2929 /* HomeMonitorTests.swift in Sources */,
			);
			runOnlyForDeploymentPostprocessing = 0;
		};
		F4E077AA1BBB0D50006A2929 /* Sources */ = {
			isa = PBXSourcesBuildPhase;
			buildActionMask = 2147483647;
			files = (
				F4E077B31BBB0D50006A2929 /* HomeMonitorUITests.swift in Sources */,
			);
			runOnlyForDeploymentPostprocessing = 0;
		};
/* End PBXSourcesBuildPhase section */

/* Begin PBXTargetDependency section */
		F4E077A51BBB0D50006A2929 /* PBXTargetDependency */ = {
			isa = PBXTargetDependency;
			target = F4E0778E1BBB0D50006A2929 /* HomeMonitor */;
			targetProxy = F4E077A41BBB0D50006A2929 /* PBXContainerItemProxy */;
		};
		F4E077B01BBB0D50006A2929 /* PBXTargetDependency */ = {
			isa = PBXTargetDependency;
			target = F4E0778E1BBB0D50006A2929 /* HomeMonitor */;
			targetProxy = F4E077AF1BBB0D50006A2929 /* PBXContainerItemProxy */;
		};
/* End PBXTargetDependency section */

/* Begin PBXVariantGroup section */
		F4E077961BBB0D50006A2929 /* Main.storyboard */ = {
			isa = PBXVariantGroup;
			children = (
				F4E077971BBB0D50006A2929 /* Base */,
			);
			name = Main.storyboard;
			sourceTree = "<group>";
		};
		F4E0779B1BBB0D50006A2929 /* LaunchScreen.storyboard */ = {
			isa = PBXVariantGroup;
			children = (
				F4E0779C1BBB0D50006A2929 /* Base */,
			);
			name = LaunchScreen.storyboard;
			sourceTree = "<group>";
		};
/* End PBXVariantGroup section */

/* Begin XCBuildConfiguration section */
		F4E077B51BBB0D50006A2929 /* Debug */ = {
			isa = XCBuildConfiguration;
			buildSettings = {
				ALWAYS_SEARCH_USER_PATHS = NO;
				CLANG_CXX_LANGUAGE_STANDARD = "gnu++0x";
				CLANG_CXX_LIBRARY = "libc++";
				CLANG_ENABLE_MODULES = YES;
				CLANG_ENABLE_OBJC_ARC = YES;
				CLANG_WARN_BOOL_CONVERSION = YES;
				CLANG_WARN_CONSTANT_CONVERSION = YES;
				CLANG_WARN_DIRECT_OBJC_ISA_USAGE = YES_ERROR;
				CLANG_WARN_EMPTY_BODY = YES;
				CLANG_WARN_ENUM_CONVERSION = YES;
				CLANG_WARN_INT_CONVERSION = YES;
				CLANG_WARN_OBJC_ROOT_CLASS = YES_ERROR;
				CLANG_WARN_UNREACHABLE_CODE = YES;
				CLANG_WARN__DUPLICATE_METHOD_MATCH = YES;
				"CODE_SIGN_IDENTITY[sdk=iphoneos*]" = "iPhone Developer";
				COPY_PHASE_STRIP = NO;
				DEBUG_INFORMATION_FORMAT = dwarf;
				ENABLE_STRICT_OBJC_MSGSEND = YES;
				ENABLE_TESTABILITY = YES;
				GCC_C_LANGUAGE_STANDARD = gnu99;
				GCC_DYNAMIC_NO_PIC = NO;
				GCC_NO_COMMON_BLOCKS = YES;
				GCC_OPTIMIZATION_LEVEL = 0;
				GCC_PREPROCESSOR_DEFINITIONS = (
					"DEBUG=1",
					"$(inherited)",
				);
				GCC_WARN_64_TO_32_BIT_CONVERSION = YES;
				GCC_WARN_ABOUT_RETURN_TYPE = YES_ERROR;
				GCC_WARN_UNDECLARED_SELECTOR = YES;
				GCC_WARN_UNINITIALIZED_AUTOS = YES_AGGRESSIVE;
				GCC_WARN_UNUSED_FUNCTION = YES;
				GCC_WARN_UNUSED_VARIABLE = YES;
				IPHONEOS_DEPLOYMENT_TARGET = 9.0;
				MTL_ENABLE_DEBUG_INFO = YES;
				ONLY_ACTIVE_ARCH = YES;
				SDKROOT = iphoneos;
				SWIFT_OPTIMIZATION_LEVEL = "-Onone";
			};
			name = Debug;
		};
		F4E077B61BBB0D50006A2929 /* Release */ = {
			isa = XCBuildConfiguration;
			buildSettings = {
				ALWAYS_SEARCH_USER_PATHS = NO;
				CLANG_CXX_LANGUAGE_STANDARD = "gnu++0x";
				CLANG_CXX_LIBRARY = "libc++";
				CLANG_ENABLE_MODULES = YES;
				CLANG_ENABLE_OBJC_ARC = YES;
				CLANG_WARN_BOOL_CONVERSION = YES;
				CLANG_WARN_CONSTANT_CONVERSION = YES;
				CLANG_WARN_DIRECT_OBJC_ISA_USAGE = YES_ERROR;
				CLANG_WARN_EMPTY_BODY = YES;
				CLANG_WARN_ENUM_CONVERSION = YES;
				CLANG_WARN_INT_CONVERSION = YES;
				CLANG_WARN_OBJC_ROOT_CLASS = YES_ERROR;
				CLANG_WARN_UNREACHABLE_CODE = YES;
				CLANG_WARN__DUPLICATE_METHOD_MATCH = YES;
				"CODE_SIGN_IDENTITY[sdk=iphoneos*]" = "iPhone Developer";
				COPY_PHASE_STRIP = NO;
				DEBUG_INFORMATION_FORMAT = "dwarf-with-dsym";
				ENABLE_NS_ASSERTIONS = NO;
				ENABLE_STRICT_OBJC_MSGSEND = YES;
				GCC_C_LANGUAGE_STANDARD = gnu99;
				GCC_NO_COMMON_BLOCKS = YES;
				GCC_WARN_64_TO_32_BIT_CONVERSION = YES;
				GCC_WARN_ABOUT_RETURN_TYPE = YES_ERROR;
				GCC_WARN_UNDECLARED_SELECTOR = YES;
				GCC_WARN_UNINITIALIZED_AUTOS = YES_AGGRESSIVE;
				GCC_WARN_UNUSED_FUNCTION = YES;
				GCC_WARN_UNUSED_VARIABLE = YES;
				IPHONEOS_DEPLOYMENT_TARGET = 9.0;
				MTL_ENABLE_DEBUG_INFO = NO;
				SDKROOT = iphoneos;
				VALIDATE_PRODUCT = YES;
			};
			name = Release;
		};
		F4E077B81BBB0D50006A2929 /* Debug */ = {
			isa = XCBuildConfiguration;
			buildSettings = {
				ASSETCATALOG_COMPILER_APPICON_NAME = AppIcon;
				INFOPLIST_FILE = HomeMonitor/Info.plist;
				LD_RUNPATH_SEARCH_PATHS = "$(inherited) @executable_path/Frameworks";
				PRODUCT_BUNDLE_IDENTIFIER = LEE.HomeMonitor;
				PRODUCT_NAME = "$(TARGET_NAME)";
			};
			name = Debug;
		};
		F4E077B91BBB0D50006A2929 /* Release */ = {
			isa = XCBuildConfiguration;
			buildSettings = {
				ASSETCATALOG_COMPILER_APPICON_NAME = AppIcon;
				INFOPLIST_FILE = HomeMonitor/Info.plist;
				LD_RUNPATH_SEARCH_PATHS = "$(inherited) @executable_path/Frameworks";
				PRODUCT_BUNDLE_IDENTIFIER = LEE.HomeMonitor;
				PRODUCT_NAME = "$(TARGET_NAME)";
			};
			name = Release;
		};
		F4E077BB1BBB0D50006A2929 /* Debug */ = {
			isa = XCBuildConfiguration;
			buildSettings = {
				BUNDLE_LOADER = "$(TEST_HOST)";
				INFOPLIST_FILE = HomeMonitorTests/Info.plist;
				LD_RUNPATH_SEARCH_PATHS = "$(inherited) @executable_path/Frameworks @loader_path/Frameworks";
				PRODUCT_BUNDLE_IDENTIFIER = LEE.HomeMonitorTests;
				PRODUCT_NAME = "$(TARGET_NAME)";
				TEST_HOST = "$(BUILT_PRODUCTS_DIR)/HomeMonitor.app/HomeMonitor";
			};
			name = Debug;
		};
		F4E077BC1BBB0D50006A2929 /* Release */ = {
			isa = XCBuildConfiguration;
			buildSettings = {
				BUNDLE_LOADER = "$(TEST_HOST)";
				INFOPLIST_FILE = HomeMonitorTests/Info.plist;
				LD_RUNPATH_SEARCH_PATHS = "$(inherited) @executable_path/Frameworks @loader_path/Frameworks";
				PRODUCT_BUNDLE_IDENTIFIER = LEE.HomeMonitorTests;
				PRODUCT_NAME = "$(TARGET_NAME)";
				TEST_HOST = "$(BUILT_PRODUCTS_DIR)/HomeMonitor.app/HomeMonitor";
			};
			name = Release;
		};
		F4E077BE1BBB0D50006A2929 /* Debug */ = {
			isa = XCBuildConfiguration;
			buildSettings = {
				INFOPLIST_FILE = HomeMonitorUITests/Info.plist;
				LD_RUNPATH_SEARCH_PATHS = "$(inherited) @executable_path/Frameworks @loader_path/Frameworks";
				PRODUCT_BUNDLE_IDENTIFIER = LEE.HomeMonitorUITests;
				PRODUCT_NAME = "$(TARGET_NAME)";
				TEST_TARGET_NAME = HomeMonitor;
				USES_XCTRUNNER = YES;
			};
			name = Debug;
		};
		F4E077BF1BBB0D50006A2929 /* Release */ = {
			isa = XCBuildConfiguration;
			buildSettings = {
				INFOPLIST_FILE = HomeMonitorUITests/Info.plist;
				LD_RUNPATH_SEARCH_PATHS = "$(inherited) @executable_path/Frameworks @loader_path/Frameworks";
				PRODUCT_BUNDLE_IDENTIFIER = LEE.HomeMonitorUITests;
				PRODUCT_NAME = "$(TARGET_NAME)";
				TEST_TARGET_NAME = HomeMonitor;
				USES_XCTRUNNER = YES;
			};
			name = Release;
		};
/* End XCBuildConfiguration section */

/* Begin XCConfigurationList section */
		F4E0778A1BBB0D50006A2929 /* Build configuration list for PBXProject "HomeMonitor" */ = {
			isa = XCConfigurationList;
			buildConfigurations = (
				F4E077B51BBB0D50006A2929 /* Debug */,
				F4E077B61BBB0D50006A2929 /* Release */,
			);
			defaultConfigurationIsVisible = 0;
			defaultConfigurationName = Release;
		};
		F4E077B71BBB0D50006A2929 /* Build configuration list for PBXNativeTarget "HomeMonitor" */ = {
			isa = XCConfigurationList;
			buildConfigurations = (
				F4E077B81BBB0D50006A2929 /* Debug */,
				F4E077B91BBB0D50006A2929 /* Release */,
			);
			defaultConfigurationIsVisible = 0;
		};
		F4E077BA1BBB0D50006A2929 /* Build configuration list for PBXNativeTarget "HomeMonitorTests" */ = {
			isa = XCConfigurationList;
			buildConfigurations = (
				F4E077BB1BBB0D50006A2929 /* Debug */,
				F4E077BC1BBB0D50006A2929 /* Release */,
			);
			defaultConfigurationIsVisible = 0;
		};
		F4E077BD1BBB0D50006A2929 /* Build configuration list for PBXNativeTarget "HomeMonitorUITests" */ = {
			isa = XCConfigurationList;
			buildConfigurations = (
				F4E077BE1BBB0D50006A2929 /* Debug */,
				F4E077BF1BBB0D50006A2929 /* Release */,
			);
			defaultConfigurationIsVisible = 0;
		};
/* End XCConfigurationList section */
	};
	rootObject = F4E077871BBB0D50006A2929 /* Project object */;
}
